
Microsoft Visual Studio Solution File, Format Version 12.00
# Visual Studio Version 17
VisualStudioVersion = 17.1.32210.238
MinimumVisualStudioVersion = 10.0.40219.1
Project("{FAE04EC0-301F-11D3-BF4B-00C04F79EFBC}") = "ProjectD", "ProjectD\ProjectD.csproj", "{6162092B-DFE6-49D5-A90A-7E449ED47E8A}"
EndProject
Global
	GlobalSection(SolutionConfigurationPlatforms) = preSolution
		Debug|Any CPU = Debug|Any CPU
		Release|Any CPU = Release|Any CPU
	EndGlobalSection
	GlobalSection(ProjectConfigurationPlatforms) = postSolution
		{6162092B-DFE6-49D5-A90A-7E449ED47E8A}.Debug|Any CPU.ActiveCfg = Debug|Any CPU
		{6162092B-DFE6-49D5-A90A-7E449ED47E8A}.Debug|Any CPU.Build.0 = Debug|Any CPU
		{6162092B-DFE6-49D5-A90A-7E449ED47E8A}.Release|Any CPU.ActiveCfg = Release|Any CPU
		{6162092B-DFE6-49D5-A90A-7E449ED47E8A}.Release|Any CPU.Build.0 = Release|Any CPU
	EndGlobalSection
	GlobalSection(SolutionProperties) = preSolution
		HideSolutionNode = FALSE
	EndGlobalSection
	GlobalSection(ExtensibilityGlobals) = postSolution
		SolutionGuid = {72C21936-B698-4BBC-931F-F15E7F2649CD}
	EndGlobalSection
EndGlobal
